// !$*UTF8*$!
{
	archiveVersion = 1;
	classes = {
	};
	objectVersion = 55;
	objects = {

/* Begin PBXBuildFile section */
		E26BC3B228134D8000D339B7 /* PSDirectSenderApp.swift in Sources */ = {isa = PBXBuildFile; fileRef = E26BC3B128134D8000D339B7 /* PSDirectSenderApp.swift */; };
		E26BC3B428134D8000D339B7 /* ContentView.swift in Sources */ = {isa = PBXBuildFile; fileRef = E26BC3B328134D8000D339B7 /* ContentView.swift */; };
		E26BC3B628134D8100D339B7 /* Assets.xcassets in Resources */ = {isa = PBXBuildFile; fileRef = E26BC3B528134D8100D339B7 /* Assets.xcassets */; };
		E26BC3B928134D8100D339B7 /* Preview Assets.xcassets in Resources */ = {isa = PBXBuildFile; fileRef = E26BC3B828134D8100D339B7 /* Preview Assets.xcassets */; };
		E26BC3C5281350A700D339B7 /* ScreenView.swift in Sources */ = {isa = PBXBuildFile; fileRef = E26BC3C4281350A700D339B7 /* ScreenView.swift */; };
		E26BC3C7281350D500D339B7 /* SidebarButton.swift in Sources */ = {isa = PBXBuildFile; fileRef = E26BC3C6281350D500D339B7 /* SidebarButton.swift */; };
		E26BC3E52813F85300D339B7 /* mongoose.c in Sources */ = {isa = PBXBuildFile; fileRef = E26BC3E42813F85300D339B7 /* mongoose.c */; };
		E29F5F9A28142BAE00A8EA81 /* ServerLinker.m in Sources */ = {isa = PBXBuildFile; fileRef = E29F5F9928142BAE00A8EA81 /* ServerLinker.m */; };
		E29F5F9D28142C4C00A8EA81 /* ConfigurationView.swift in Sources */ = {isa = PBXBuildFile; fileRef = E29F5F9C28142C4C00A8EA81 /* ConfigurationView.swift */; };
		E29F5FBA2814367B00A8EA81 /* Networking.swift in Sources */ = {isa = PBXBuildFile; fileRef = E29F5FB92814367B00A8EA81 /* Networking.swift */; };
		E29F5FD128143EDC00A8EA81 /* ComboboxView.swift in Sources */ = {isa = PBXBuildFile; fileRef = E29F5FD028143EDC00A8EA81 /* ComboboxView.swift */; };
		E2C028B3281464D1009B94EC /* QueueView.swift in Sources */ = {isa = PBXBuildFile; fileRef = E2C028B2281464D1009B94EC /* QueueView.swift */; };
		E2C028B528147089009B94EC /* JsonSend.swift in Sources */ = {isa = PBXBuildFile; fileRef = E2C028B428147089009B94EC /* JsonSend.swift */; };
/* End PBXBuildFile section */

/* Begin PBXFileReference section */
		E26BC3AE28134D8000D339B7 /* PSDirectSender.app */ = {isa = PBXFileReference; explicitFileType = wrapper.application; includeInIndex = 0; path = PSDirectSender.app; sourceTree = BUILT_PRODUCTS_DIR; };
		E26BC3B128134D8000D339B7 /* PSDirectSenderApp.swift */ = {isa = PBXFileReference; lastKnownFileType = sourcecode.swift; path = PSDirectSenderApp.swift; sourceTree = "<group>"; };
		E26BC3B328134D8000D339B7 /* ContentView.swift */ = {isa = PBXFileReference; lastKnownFileType = sourcecode.swift; path = ContentView.swift; sourceTree = "<group>"; };
		E26BC3B528134D8100D339B7 /* Assets.xcassets */ = {isa = PBXFileReference; lastKnownFileType = folder.assetcatalog; path = Assets.xcassets; sourceTree = "<group>"; };
		E26BC3B828134D8100D339B7 /* Preview Assets.xcassets */ = {isa = PBXFileReference; lastKnownFileType = folder.assetcatalog; path = "Preview Assets.xcassets"; sourceTree = "<group>"; };
		E26BC3BA28134D8100D339B7 /* PSDirectSender.entitlements */ = {isa = PBXFileReference; lastKnownFileType = text.plist.entitlements; path = PSDirectSender.entitlements; sourceTree = "<group>"; };
		E26BC3C4281350A700D339B7 /* ScreenView.swift */ = {isa = PBXFileReference; lastKnownFileType = sourcecode.swift; path = ScreenView.swift; sourceTree = "<group>"; };
		E26BC3C6281350D500D339B7 /* SidebarButton.swift */ = {isa = PBXFileReference; lastKnownFileType = sourcecode.swift; path = SidebarButton.swift; sourceTree = "<group>"; };
		E26BC3DF2813F82F00D339B7 /* PSDirectSender-Bridging-Header.h */ = {isa = PBXFileReference; lastKnownFileType = sourcecode.c.h; path = "PSDirectSender-Bridging-Header.h"; sourceTree = "<group>"; };
		E26BC3E32813F85300D339B7 /* mongoose.h */ = {isa = PBXFileReference; fileEncoding = 4; lastKnownFileType = sourcecode.c.h; path = mongoose.h; sourceTree = "<group>"; };
		E26BC3E42813F85300D339B7 /* mongoose.c */ = {isa = PBXFileReference; fileEncoding = 4; lastKnownFileType = sourcecode.c.c; path = mongoose.c; sourceTree = "<group>"; };
		E29F5F9928142BAE00A8EA81 /* ServerLinker.m */ = {isa = PBXFileReference; lastKnownFileType = sourcecode.c.objc; path = ServerLinker.m; sourceTree = "<group>"; };
		E29F5F9B28142BC000A8EA81 /* ServerLinker.h */ = {isa = PBXFileReference; lastKnownFileType = sourcecode.c.h; path = ServerLinker.h; sourceTree = "<group>"; };
		E29F5F9C28142C4C00A8EA81 /* ConfigurationView.swift */ = {isa = PBXFileReference; lastKnownFileType = sourcecode.swift; path = ConfigurationView.swift; sourceTree = "<group>"; };
		E29F5FB92814367B00A8EA81 /* Networking.swift */ = {isa = PBXFileReference; lastKnownFileType = sourcecode.swift; path = Networking.swift; sourceTree = "<group>"; };
		E29F5FD028143EDC00A8EA81 /* ComboboxView.swift */ = {isa = PBXFileReference; lastKnownFileType = sourcecode.swift; path = ComboboxView.swift; sourceTree = "<group>"; };
		E2C028B2281464D1009B94EC /* QueueView.swift */ = {isa = PBXFileReference; lastKnownFileType = sourcecode.swift; path = QueueView.swift; sourceTree = "<group>"; };
		E2C028B428147089009B94EC /* JsonSend.swift */ = {isa = PBXFileReference; lastKnownFileType = sourcecode.swift; path = JsonSend.swift; sourceTree = "<group>"; };
/* End PBXFileReference section */

/* Begin PBXFrameworksBuildPhase section */
		E26BC3AB28134D8000D339B7 /* Frameworks */ = {
			isa = PBXFrameworksBuildPhase;
			buildActionMask = 2147483647;
			files = (
			);
			runOnlyForDeploymentPostprocessing = 0;
		};
/* End PBXFrameworksBuildPhase section */

/* Begin PBXGroup section */
		E26BC3A528134D8000D339B7 = {
			isa = PBXGroup;
			children = (
				E26BC3B028134D8000D339B7 /* PSDirectSender */,
				E26BC3AF28134D8000D339B7 /* Products */,
			);
			sourceTree = "<group>";
		};
		E26BC3AF28134D8000D339B7 /* Products */ = {
			isa = PBXGroup;
			children = (
				E26BC3AE28134D8000D339B7 /* PSDirectSender.app */,
			);
			name = Products;
			sourceTree = "<group>";
		};
		E26BC3B028134D8000D339B7 /* PSDirectSender */ = {
			isa = PBXGroup;
			children = (
				E26BC3DE2813F7C700D339B7 /* Mongoose */,
				E26BC3C32813508D00D339B7 /* Screens */,
				E26BC3B128134D8000D339B7 /* PSDirectSenderApp.swift */,
				E2C028B428147089009B94EC /* JsonSend.swift */,
				E26BC3C6281350D500D339B7 /* SidebarButton.swift */,
				E29F5FD028143EDC00A8EA81 /* ComboboxView.swift */,
				E26BC3B328134D8000D339B7 /* ContentView.swift */,
				E29F5FB92814367B00A8EA81 /* Networking.swift */,
				E26BC3B528134D8100D339B7 /* Assets.xcassets */,
				E26BC3BA28134D8100D339B7 /* PSDirectSender.entitlements */,
				E26BC3B728134D8100D339B7 /* Preview Content */,
			);
			path = PSDirectSender;
			sourceTree = "<group>";
		};
		E26BC3B728134D8100D339B7 /* Preview Content */ = {
			isa = PBXGroup;
			children = (
				E26BC3B828134D8100D339B7 /* Preview Assets.xcassets */,
			);
			path = "Preview Content";
			sourceTree = "<group>";
		};
		E26BC3C32813508D00D339B7 /* Screens */ = {
			isa = PBXGroup;
			children = (
				E26BC3C4281350A700D339B7 /* ScreenView.swift */,
				E29F5F9C28142C4C00A8EA81 /* ConfigurationView.swift */,
				E2C028B2281464D1009B94EC /* QueueView.swift */,
			);
			path = Screens;
			sourceTree = "<group>";
		};
		E26BC3DE2813F7C700D339B7 /* Mongoose */ = {
			isa = PBXGroup;
			children = (
				E26BC3E42813F85300D339B7 /* mongoose.c */,
				E26BC3E32813F85300D339B7 /* mongoose.h */,
				E29F5F9928142BAE00A8EA81 /* ServerLinker.m */,
				E29F5F9B28142BC000A8EA81 /* ServerLinker.h */,
				E26BC3DF2813F82F00D339B7 /* PSDirectSender-Bridging-Header.h */,
			);
			path = Mongoose;
			sourceTree = "<group>";
		};
/* End PBXGroup section */

/* Begin PBXNativeTarget section */
		E26BC3AD28134D8000D339B7 /* PSDirectSender */ = {
			isa = PBXNativeTarget;
			buildConfigurationList = E26BC3BD28134D8100D339B7 /* Build configuration list for PBXNativeTarget "PSDirectSender" */;
			buildPhases = (
				E26BC3AA28134D8000D339B7 /* Sources */,
				E26BC3AB28134D8000D339B7 /* Frameworks */,
				E26BC3AC28134D8000D339B7 /* Resources */,
			);
			buildRules = (
			);
			dependencies = (
			);
			name = PSDirectSender;
			packageProductDependencies = (
			);
			productName = PSDirectSender;
			productReference = E26BC3AE28134D8000D339B7 /* PSDirectSender.app */;
			productType = "com.apple.product-type.application";
		};
/* End PBXNativeTarget section */

/* Begin PBXProject section */
		E26BC3A628134D8000D339B7 /* Project object */ = {
			isa = PBXProject;
			attributes = {
				BuildIndependentTargetsInParallel = 1;
				LastSwiftUpdateCheck = 1320;
				LastUpgradeCheck = 1320;
				TargetAttributes = {
					E26BC3AD28134D8000D339B7 = {
						CreatedOnToolsVersion = 13.2.1;
						LastSwiftMigration = 1320;
					};
				};
			};
			buildConfigurationList = E26BC3A928134D8000D339B7 /* Build configuration list for PBXProject "PSDirectSender" */;
			compatibilityVersion = "Xcode 13.0";
			developmentRegion = en;
			hasScannedForEncodings = 0;
			knownRegions = (
				en,
				Base,
			);
			mainGroup = E26BC3A528134D8000D339B7;
			packageReferences = (
				E26BC3C028134FB200D339B7 /* XCRemoteSwiftPackageReference "SwiftUI-Introspect" */,
			);
			productRefGroup = E26BC3AF28134D8000D339B7 /* Products */;
			projectDirPath = "";
			projectRoot = "";
			targets = (
				E26BC3AD28134D8000D339B7 /* PSDirectSender */,
			);
		};
/* End PBXProject section */

/* Begin PBXResourcesBuildPhase section */
		E26BC3AC28134D8000D339B7 /* Resources */ = {
			isa = PBXResourcesBuildPhase;
			buildActionMask = 2147483647;
			files = (
				E26BC3B928134D8100D339B7 /* Preview Assets.xcassets in Resources */,
				E26BC3B628134D8100D339B7 /* Assets.xcassets in Resources */,
			);
			runOnlyForDeploymentPostprocessing = 0;
		};
/* End PBXResourcesBuildPhase section */

/* Begin PBXSourcesBuildPhase section */
		E26BC3AA28134D8000D339B7 /* Sources */ = {
			isa = PBXSourcesBuildPhase;
			buildActionMask = 2147483647;
			files = (
				E26BC3C7281350D500D339B7 /* SidebarButton.swift in Sources */,
				E2C028B528147089009B94EC /* JsonSend.swift in Sources */,
				E29F5F9D28142C4C00A8EA81 /* ConfigurationView.swift in Sources */,
				E26BC3C5281350A700D339B7 /* ScreenView.swift in Sources */,
				E26BC3B428134D8000D339B7 /* ContentView.swift in Sources */,
				E29F5F9A28142BAE00A8EA81 /* ServerLinker.m in Sources */,
				E26BC3E52813F85300D339B7 /* mongoose.c in Sources */,
				E29F5FBA2814367B00A8EA81 /* Networking.swift in Sources */,
				E29F5FD128143EDC00A8EA81 /* ComboboxView.swift in Sources */,
				E2C028B3281464D1009B94EC /* QueueView.swift in Sources */,
				E26BC3B228134D8000D339B7 /* PSDirectSenderApp.swift in Sources */,
			);
			runOnlyForDeploymentPostprocessing = 0;
		};
/* End PBXSourcesBuildPhase section */

/* Begin XCBuildConfiguration section */
		E26BC3BB28134D8100D339B7 /* Debug */ = {
			isa = XCBuildConfiguration;
			buildSettings = {
				ALWAYS_SEARCH_USER_PATHS = NO;
				CLANG_ANALYZER_NONNULL = YES;
				CLANG_ANALYZER_NUMBER_OBJECT_CONVERSION = YES_AGGRESSIVE;
				CLANG_CXX_LANGUAGE_STANDARD = "gnu++17";
				CLANG_CXX_LIBRARY = "libc++";
				CLANG_ENABLE_MODULES = YES;
				CLANG_ENABLE_OBJC_ARC = YES;
				CLANG_ENABLE_OBJC_WEAK = YES;
				CLANG_WARN_BLOCK_CAPTURE_AUTORELEASING = YES;
				CLANG_WARN_BOOL_CONVERSION = YES;
				CLANG_WARN_COMMA = YES;
				CLANG_WARN_CONSTANT_CONVERSION = YES;
				CLANG_WARN_DEPRECATED_OBJC_IMPLEMENTATIONS = YES;
				CLANG_WARN_DIRECT_OBJC_ISA_USAGE = YES_ERROR;
				CLANG_WARN_DOCUMENTATION_COMMENTS = YES;
				CLANG_WARN_EMPTY_BODY = YES;
				CLANG_WARN_ENUM_CONVERSION = YES;
				CLANG_WARN_INFINITE_RECURSION = YES;
				CLANG_WARN_INT_CONVERSION = YES;
				CLANG_WARN_NON_LITERAL_NULL_CONVERSION = YES;
				CLANG_WARN_OBJC_IMPLICIT_RETAIN_SELF = YES;
				CLANG_WARN_OBJC_LITERAL_CONVERSION = YES;
				CLANG_WARN_OBJC_ROOT_CLASS = YES_ERROR;
				CLANG_WARN_QUOTED_INCLUDE_IN_FRAMEWORK_HEADER = YES;
				CLANG_WARN_RANGE_LOOP_ANALYSIS = YES;
				CLANG_WARN_STRICT_PROTOTYPES = YES;
				CLANG_WARN_SUSPICIOUS_MOVE = YES;
				CLANG_WARN_UNGUARDED_AVAILABILITY = YES_AGGRESSIVE;
				CLANG_WARN_UNREACHABLE_CODE = YES;
				CLANG_WARN__DUPLICATE_METHOD_MATCH = YES;
				COPY_PHASE_STRIP = NO;
				DEBUG_INFORMATION_FORMAT = dwarf;
				ENABLE_STRICT_OBJC_MSGSEND = YES;
				ENABLE_TESTABILITY = YES;
				GCC_C_LANGUAGE_STANDARD = gnu11;
				GCC_DYNAMIC_NO_PIC = NO;
				GCC_NO_COMMON_BLOCKS = YES;
				GCC_OPTIMIZATION_LEVEL = 0;
				GCC_PREPROCESSOR_DEFINITIONS = (
					"DEBUG=1",
					"$(inherited)",
				);
				GCC_WARN_64_TO_32_BIT_CONVERSION = YES;
				GCC_WARN_ABOUT_RETURN_TYPE = YES_ERROR;
				GCC_WARN_UNDECLARED_SELECTOR = YES;
				GCC_WARN_UNINITIALIZED_AUTOS = YES_AGGRESSIVE;
				GCC_WARN_UNUSED_FUNCTION = YES;
				GCC_WARN_UNUSED_VARIABLE = YES;
				MACOSX_DEPLOYMENT_TARGET = 11.6;
				MTL_ENABLE_DEBUG_INFO = INCLUDE_SOURCE;
				MTL_FAST_MATH = YES;
				ONLY_ACTIVE_ARCH = YES;
				SDKROOT = macosx;
				SWIFT_ACTIVE_COMPILATION_CONDITIONS = DEBUG;
				SWIFT_OPTIMIZATION_LEVEL = "-Onone";
			};
			name = Debug;
		};
		E26BC3BC28134D8100D339B7 /* Release */ = {
			isa = XCBuildConfiguration;
			buildSettings = {
				ALWAYS_SEARCH_USER_PATHS = NO;
				CLANG_ANALYZER_NONNULL = YES;
				CLANG_ANALYZER_NUMBER_OBJECT_CONVERSION = YES_AGGRESSIVE;
				CLANG_CXX_LANGUAGE_STANDARD = "gnu++17";
				CLANG_CXX_LIBRARY = "libc++";
				CLANG_ENABLE_MODULES = YES;
				CLANG_ENABLE_OBJC_ARC = YES;
				CLANG_ENABLE_OBJC_WEAK = YES;
				CLANG_WARN_BLOCK_CAPTURE_AUTORELEASING = YES;
				CLANG_WARN_BOOL_CONVERSION = YES;
				CLANG_WARN_COMMA = YES;
				CLANG_WARN_CONSTANT_CONVERSION = YES;
				CLANG_WARN_DEPRECATED_OBJC_IMPLEMENTATIONS = YES;
				CLANG_WARN_DIRECT_OBJC_ISA_USAGE = YES_ERROR;
				CLANG_WARN_DOCUMENTATION_COMMENTS = YES;
				CLANG_WARN_EMPTY_BODY = YES;
				CLANG_WARN_ENUM_CONVERSION = YES;
				CLANG_WARN_INFINITE_RECURSION = YES;
				CLANG_WARN_INT_CONVERSION = YES;
				CLANG_WARN_NON_LITERAL_NULL_CONVERSION = YES;
				CLANG_WARN_OBJC_IMPLICIT_RETAIN_SELF = YES;
				CLANG_WARN_OBJC_LITERAL_CONVERSION = YES;
				CLANG_WARN_OBJC_ROOT_CLASS = YES_ERROR;
				CLANG_WARN_QUOTED_INCLUDE_IN_FRAMEWORK_HEADER = YES;
				CLANG_WARN_RANGE_LOOP_ANALYSIS = YES;
				CLANG_WARN_STRICT_PROTOTYPES = YES;
				CLANG_WARN_SUSPICIOUS_MOVE = YES;
				CLANG_WARN_UNGUARDED_AVAILABILITY = YES_AGGRESSIVE;
				CLANG_WARN_UNREACHABLE_CODE = YES;
				CLANG_WARN__DUPLICATE_METHOD_MATCH = YES;
				COPY_PHASE_STRIP = NO;
				DEBUG_INFORMATION_FORMAT = "dwarf-with-dsym";
				ENABLE_NS_ASSERTIONS = NO;
				ENABLE_STRICT_OBJC_MSGSEND = YES;
				GCC_C_LANGUAGE_STANDARD = gnu11;
				GCC_NO_COMMON_BLOCKS = YES;
				GCC_WARN_64_TO_32_BIT_CONVERSION = YES;
				GCC_WARN_ABOUT_RETURN_TYPE = YES_ERROR;
				GCC_WARN_UNDECLARED_SELECTOR = YES;
				GCC_WARN_UNINITIALIZED_AUTOS = YES_AGGRESSIVE;
				GCC_WARN_UNUSED_FUNCTION = YES;
				GCC_WARN_UNUSED_VARIABLE = YES;
				MACOSX_DEPLOYMENT_TARGET = 11.6;
				MTL_ENABLE_DEBUG_INFO = NO;
				MTL_FAST_MATH = YES;
				SDKROOT = macosx;
				SWIFT_COMPILATION_MODE = wholemodule;
				SWIFT_OPTIMIZATION_LEVEL = "-O";
			};
			name = Release;
		};
		E26BC3BE28134D8100D339B7 /* Debug */ = {
			isa = XCBuildConfiguration;
			buildSettings = {
				ASSETCATALOG_COMPILER_APPICON_NAME = AppIcon;
				ASSETCATALOG_COMPILER_GLOBAL_ACCENT_COLOR_NAME = AccentColor;
				CLANG_ENABLE_MODULES = YES;
				CODE_SIGN_ENTITLEMENTS = PSDirectSender/PSDirectSender.entitlements;
				CODE_SIGN_STYLE = Automatic;
				COMBINE_HIDPI_IMAGES = YES;
				CURRENT_PROJECT_VERSION = 1;
				DEVELOPMENT_ASSET_PATHS = "\"PSDirectSender/Preview Content\"";
				ENABLE_PREVIEWS = YES;
				GENERATE_INFOPLIST_FILE = YES;
				INFOPLIST_KEY_NSHumanReadableCopyright = "";
				LD_RUNPATH_SEARCH_PATHS = (
					"$(inherited)",
					"@executable_path/../Frameworks",
				);
				MARKETING_VERSION = 1.0;
				PRODUCT_BUNDLE_IDENTIFIER = com.techunrestricted.PSDirectSender;
				PRODUCT_NAME = "$(TARGET_NAME)";
				SWIFT_EMIT_LOC_STRINGS = YES;
				SWIFT_OBJC_BRIDGING_HEADER = "PSDirectSender/Mongoose/PSDirectSender-Bridging-Header.h";
				SWIFT_OPTIMIZATION_LEVEL = "-Onone";
				SWIFT_VERSION = 5.0;
			};
			name = Debug;
		};
		E26BC3BF28134D8100D339B7 /* Release */ = {
			isa = XCBuildConfiguration;
			buildSettings = {
				ASSETCATALOG_COMPILER_APPICON_NAME = AppIcon;
				ASSETCATALOG_COMPILER_GLOBAL_ACCENT_COLOR_NAME = AccentColor;
				CLANG_ENABLE_MODULES = YES;
				CODE_SIGN_ENTITLEMENTS = PSDirectSender/PSDirectSender.entitlements;
				CODE_SIGN_STYLE = Automatic;
				COMBINE_HIDPI_IMAGES = YES;
				CURRENT_PROJECT_VERSION = 1;
				DEVELOPMENT_ASSET_PATHS = "\"PSDirectSender/Preview Content\"";
				ENABLE_PREVIEWS = YES;
				GENERATE_INFOPLIST_FILE = YES;
				INFOPLIST_KEY_NSHumanReadableCopyright = "";
				LD_RUNPATH_SEARCH_PATHS = (
					"$(inherited)",
					"@executable_path/../Frameworks",
				);
				MARKETING_VERSION = 1.0;
				PRODUCT_BUNDLE_IDENTIFIER = com.techunrestricted.PSDirectSender;
				PRODUCT_NAME = "$(TARGET_NAME)";
				SWIFT_EMIT_LOC_STRINGS = YES;
				SWIFT_OBJC_BRIDGING_HEADER = "PSDirectSender/Mongoose/PSDirectSender-Bridging-Header.h";
				SWIFT_VERSION = 5.0;
			};
			name = Release;
		};
/* End XCBuildConfiguration section */

/* Begin XCConfigurationList section */
		E26BC3A928134D8000D339B7 /* Build configuration list for PBXProject "PSDirectSender" */ = {
			isa = XCConfigurationList;
			buildConfigurations = (
				E26BC3BB28134D8100D339B7 /* Debug */,
				E26BC3BC28134D8100D339B7 /* Release */,
			);
			defaultConfigurationIsVisible = 0;
			defaultConfigurationName = Release;
		};
		E26BC3BD28134D8100D339B7 /* Build configuration list for PBXNativeTarget "PSDirectSender" */ = {
			isa = XCConfigurationList;
			buildConfigurations = (
				E26BC3BE28134D8100D339B7 /* Debug */,
				E26BC3BF28134D8100D339B7 /* Release */,
			);
			defaultConfigurationIsVisible = 0;
			defaultConfigurationName = Release;
		};
/* End XCConfigurationList section */

/* Begin XCRemoteSwiftPackageReference section */
		E26BC3C028134FB200D339B7 /* XCRemoteSwiftPackageReference "SwiftUI-Introspect" */ = {
			isa = XCRemoteSwiftPackageReference;
			repositoryURL = "https://github.com/siteline/SwiftUI-Introspect.git";
			requirement = {
				kind = exactVersion;
				version = 0.1.4;
			};
		};
/* End XCRemoteSwiftPackageReference section */
	};
	rootObject = E26BC3A628134D8000D339B7 /* Project object */;
}
